
Microsoft Visual Studio Solution File, Format Version 12.00
# Visual Studio Version 17
VisualStudioVersion = 17.1.32228.430
MinimumVisualStudioVersion = 10.0.40219.1
Project("{9A19103F-16F7-4668-BE54-9A1E7A4F7556}") = "INSS.FIP.Web", "INSS.FIP\INSS.FIP.Web.csproj", "{144BD06E-2324-40D8-88CB-5C99CE272241}"
EndProject
Project("{2150E333-8FDC-42A3-9474-1A3956D46DE8}") = "_Solution Items", "_Solution Items", "{71F845C4-2882-483C-9DAD-79F2FA2FF8EB}"
	ProjectSection(SolutionItems) = preProject
		.editorconfig = .editorconfig
		.gitignore = .gitignore
		README.md = README.md
	EndProjectSection
EndProject
Project("{9A19103F-16F7-4668-BE54-9A1E7A4F7556}") = "INSS.FIP.Data", "INSS.FIP.Repository\INSS.FIP.Data.csproj", "{2532CC67-888A-47DD-A42D-F03BA5652BE1}"
EndProject
Project("{9A19103F-16F7-4668-BE54-9A1E7A4F7556}") = "INSS.FIP.Functions", "INSS.FIP.FnApp\INSS.FIP.Functions.csproj", "{A83488C7-609E-40CF-ABFE-D836FB20B535}"
EndProject
Project("{2150E333-8FDC-42A3-9474-1A3956D46DE8}") = "Tests", "Tests", "{3A49F1D7-246F-46CC-A802-702F9446EA69}"
EndProject
Project("{2150E333-8FDC-42A3-9474-1A3956D46DE8}") = "UnitTests", "UnitTests", "{74541D47-8CDE-4D53-B452-13ED56E2A4AD}"
EndProject
Project("{9A19103F-16F7-4668-BE54-9A1E7A4F7556}") = "INSS.FIP.UnitTests", "INSS.FIP.UnitTests\INSS.FIP.UnitTests.csproj", "{B0DF87A2-AB03-4D95-A8F5-A950E666F344}"
EndProject
Project("{9A19103F-16F7-4668-BE54-9A1E7A4F7556}") = "INSS.FIP.FnApp.UnitTests", "INSS.FIP.FnApp.UnitTests\INSS.FIP.FnApp.UnitTests.csproj", "{57FCB497-D41C-4357-A251-90C0A6CFD55A}"
EndProject
Project("{FAE04EC0-301F-11D3-BF4B-00C04F79EFBC}") = "INSS.FIP.Interfaces", "INSS.FIP.Interfaces\INSS.FIP.Interfaces.csproj", "{D1610AF4-E914-48C0-BC92-9480C035CB42}"
EndProject
Project("{FAE04EC0-301F-11D3-BF4B-00C04F79EFBC}") = "INSS.FIP.Models", "INSS.FIP.Models\INSS.FIP.Models.csproj", "{BA2A21DE-CB72-44EA-AEE2-7AA98C2F76E4}"
EndProject
Project("{FAE04EC0-301F-11D3-BF4B-00C04F79EFBC}") = "INSS.FIP.Services", "INSS.FIP.Services\INSS.FIP.Services.csproj", "{4E3278E4-D083-48F7-B216-190B4A708B1B}"
EndProject
Project("{FAE04EC0-301F-11D3-BF4B-00C04F79EFBC}") = "INSS.FIP.DataAccess", "INSS.FIP.DataAccess\INSS.FIP.DataAccess.csproj", "{384AED7E-4B74-4F5B-A61E-096CFC00D887}"
EndProject
Global
	GlobalSection(SolutionConfigurationPlatforms) = preSolution
		Debug|Any CPU = Debug|Any CPU
		Release|Any CPU = Release|Any CPU
	EndGlobalSection
	GlobalSection(ProjectConfigurationPlatforms) = postSolution
		{144BD06E-2324-40D8-88CB-5C99CE272241}.Debug|Any CPU.ActiveCfg = Debug|Any CPU
		{144BD06E-2324-40D8-88CB-5C99CE272241}.Debug|Any CPU.Build.0 = Debug|Any CPU
		{144BD06E-2324-40D8-88CB-5C99CE272241}.Release|Any CPU.ActiveCfg = Release|Any CPU
		{144BD06E-2324-40D8-88CB-5C99CE272241}.Release|Any CPU.Build.0 = Release|Any CPU
		{2532CC67-888A-47DD-A42D-F03BA5652BE1}.Debug|Any CPU.ActiveCfg = Debug|Any CPU
		{2532CC67-888A-47DD-A42D-F03BA5652BE1}.Debug|Any CPU.Build.0 = Debug|Any CPU
		{2532CC67-888A-47DD-A42D-F03BA5652BE1}.Release|Any CPU.ActiveCfg = Release|Any CPU
		{2532CC67-888A-47DD-A42D-F03BA5652BE1}.Release|Any CPU.Build.0 = Release|Any CPU
		{A83488C7-609E-40CF-ABFE-D836FB20B535}.Debug|Any CPU.ActiveCfg = Debug|Any CPU
		{A83488C7-609E-40CF-ABFE-D836FB20B535}.Debug|Any CPU.Build.0 = Debug|Any CPU
		{A83488C7-609E-40CF-ABFE-D836FB20B535}.Release|Any CPU.ActiveCfg = Release|Any CPU
		{A83488C7-609E-40CF-ABFE-D836FB20B535}.Release|Any CPU.Build.0 = Release|Any CPU
		{B0DF87A2-AB03-4D95-A8F5-A950E666F344}.Debug|Any CPU.ActiveCfg = Debug|Any CPU
		{B0DF87A2-AB03-4D95-A8F5-A950E666F344}.Debug|Any CPU.Build.0 = Debug|Any CPU
		{B0DF87A2-AB03-4D95-A8F5-A950E666F344}.Release|Any CPU.ActiveCfg = Release|Any CPU
		{B0DF87A2-AB03-4D95-A8F5-A950E666F344}.Release|Any CPU.Build.0 = Release|Any CPU
		{57FCB497-D41C-4357-A251-90C0A6CFD55A}.Debug|Any CPU.ActiveCfg = Debug|Any CPU
		{57FCB497-D41C-4357-A251-90C0A6CFD55A}.Debug|Any CPU.Build.0 = Debug|Any CPU
		{57FCB497-D41C-4357-A251-90C0A6CFD55A}.Release|Any CPU.ActiveCfg = Release|Any CPU
		{57FCB497-D41C-4357-A251-90C0A6CFD55A}.Release|Any CPU.Build.0 = Release|Any CPU
		{D1610AF4-E914-48C0-BC92-9480C035CB42}.Debug|Any CPU.ActiveCfg = Debug|Any CPU
		{D1610AF4-E914-48C0-BC92-9480C035CB42}.Debug|Any CPU.Build.0 = Debug|Any CPU
		{D1610AF4-E914-48C0-BC92-9480C035CB42}.Release|Any CPU.ActiveCfg = Release|Any CPU
		{D1610AF4-E914-48C0-BC92-9480C035CB42}.Release|Any CPU.Build.0 = Release|Any CPU
		{BA2A21DE-CB72-44EA-AEE2-7AA98C2F76E4}.Debug|Any CPU.ActiveCfg = Debug|Any CPU
		{BA2A21DE-CB72-44EA-AEE2-7AA98C2F76E4}.Debug|Any CPU.Build.0 = Debug|Any CPU
		{BA2A21DE-CB72-44EA-AEE2-7AA98C2F76E4}.Release|Any CPU.ActiveCfg = Release|Any CPU
		{BA2A21DE-CB72-44EA-AEE2-7AA98C2F76E4}.Release|Any CPU.Build.0 = Release|Any CPU
		{4E3278E4-D083-48F7-B216-190B4A708B1B}.Debug|Any CPU.ActiveCfg = Debug|Any CPU
		{4E3278E4-D083-48F7-B216-190B4A708B1B}.Debug|Any CPU.Build.0 = Debug|Any CPU
		{4E3278E4-D083-48F7-B216-190B4A708B1B}.Release|Any CPU.ActiveCfg = Release|Any CPU
		{4E3278E4-D083-48F7-B216-190B4A708B1B}.Release|Any CPU.Build.0 = Release|Any CPU
		{384AED7E-4B74-4F5B-A61E-096CFC00D887}.Debug|Any CPU.ActiveCfg = Debug|Any CPU
		{384AED7E-4B74-4F5B-A61E-096CFC00D887}.Debug|Any CPU.Build.0 = Debug|Any CPU
		{384AED7E-4B74-4F5B-A61E-096CFC00D887}.Release|Any CPU.ActiveCfg = Release|Any CPU
		{384AED7E-4B74-4F5B-A61E-096CFC00D887}.Release|Any CPU.Build.0 = Release|Any CPU
	EndGlobalSection
	GlobalSection(SolutionProperties) = preSolution
		HideSolutionNode = FALSE
	EndGlobalSection
	GlobalSection(NestedProjects) = preSolution
		{74541D47-8CDE-4D53-B452-13ED56E2A4AD} = {3A49F1D7-246F-46CC-A802-702F9446EA69}
		{B0DF87A2-AB03-4D95-A8F5-A950E666F344} = {74541D47-8CDE-4D53-B452-13ED56E2A4AD}
		{57FCB497-D41C-4357-A251-90C0A6CFD55A} = {74541D47-8CDE-4D53-B452-13ED56E2A4AD}
	EndGlobalSection
	GlobalSection(ExtensibilityGlobals) = postSolution
		SolutionGuid = {5A373FFC-EBBE-41B6-B032-10C1E6625409}
	EndGlobalSection
EndGlobal
